
Microsoft Visual Studio Solution File, Format Version 12.00
# Visual Studio Version 17
VisualStudioVersion = 17.0.31903.59
MinimumVisualStudioVersion = 10.0.40219.1
Project("{2150E333-8FDC-42A3-9474-1A3956D46DE8}") = "src", "src", "{827E0CD3-B72D-47B6-A68D-7590B98EB39B}"
EndProject
Project("{FAE04EC0-301F-11D3-BF4B-00C04F79EFBC}") = "GestaoClientes.Domain", "src\GestaoClientes.Domain\GestaoClientes.Domain.csproj", "{06524B2A-E321-4BD5-83A7-ED6564F94690}"
EndProject
Project("{FAE04EC0-301F-11D3-BF4B-00C04F79EFBC}") = "GestaoClientes.Application", "src\GestaoClientes.Application\GestaoClientes.Application.csproj", "{A52E8C50-91BC-4C4A-AA6F-FC66F6546BFF}"
EndProject
Project("{FAE04EC0-301F-11D3-BF4B-00C04F79EFBC}") = "GestaoClientes.Infrastructure", "src\GestaoClientes.Infrastructure\GestaoClientes.Infrastructure.csproj", "{0DB61D81-9A68-4F08-99C5-87E4D1FBEC5F}"
EndProject
Project("{FAE04EC0-301F-11D3-BF4B-00C04F79EFBC}") = "GestaoClientes.Api", "src\GestaoClientes.Api\GestaoClientes.Api.csproj", "{0A953681-2964-4DDE-9C37-7DCF61BAA3D6}"
EndProject
Project("{FAE04EC0-301F-11D3-BF4B-00C04F79EFBC}") = "GestaoClientes.Blazor", "src\GestaoClientes.Blazor\GestaoClientes.Blazor.csproj", "{4B4C7686-EB56-4D9E-AFF5-3BF3E4D721A6}"
EndProject
Project("{2150E333-8FDC-42A3-9474-1A3956D46DE8}") = "tests", "tests", "{0AB3BF05-4346-4AA6-1389-037BE0695223}"
EndProject
Project("{FAE04EC0-301F-11D3-BF4B-00C04F79EFBC}") = "GestaoClientes.UnitTests", "tests\GestaoClientes.UnitTests\GestaoClientes.UnitTests.csproj", "{EA5C7008-2183-4097-9F2F-FA557D57095E}"
EndProject
Global
	GlobalSection(SolutionConfigurationPlatforms) = preSolution
		Debug|Any CPU = Debug|Any CPU
		Debug|x64 = Debug|x64
		Debug|x86 = Debug|x86
		Release|Any CPU = Release|Any CPU
		Release|x64 = Release|x64
		Release|x86 = Release|x86
	EndGlobalSection
	GlobalSection(ProjectConfigurationPlatforms) = postSolution
		{06524B2A-E321-4BD5-83A7-ED6564F94690}.Debug|Any CPU.ActiveCfg = Debug|Any CPU
		{06524B2A-E321-4BD5-83A7-ED6564F94690}.Debug|Any CPU.Build.0 = Debug|Any CPU
		{06524B2A-E321-4BD5-83A7-ED6564F94690}.Debug|x64.ActiveCfg = Debug|Any CPU
		{06524B2A-E321-4BD5-83A7-ED6564F94690}.Debug|x64.Build.0 = Debug|Any CPU
		{06524B2A-E321-4BD5-83A7-ED6564F94690}.Debug|x86.ActiveCfg = Debug|Any CPU
		{06524B2A-E321-4BD5-83A7-ED6564F94690}.Debug|x86.Build.0 = Debug|Any CPU
		{06524B2A-E321-4BD5-83A7-ED6564F94690}.Release|Any CPU.ActiveCfg = Release|Any CPU
		{06524B2A-E321-4BD5-83A7-ED6564F94690}.Release|Any CPU.Build.0 = Release|Any CPU
		{06524B2A-E321-4BD5-83A7-ED6564F94690}.Release|x64.ActiveCfg = Release|Any CPU
		{06524B2A-E321-4BD5-83A7-ED6564F94690}.Release|x64.Build.0 = Release|Any CPU
		{06524B2A-E321-4BD5-83A7-ED6564F94690}.Release|x86.ActiveCfg = Release|Any CPU
		{06524B2A-E321-4BD5-83A7-ED6564F94690}.Release|x86.Build.0 = Release|Any CPU
		{A52E8C50-91BC-4C4A-AA6F-FC66F6546BFF}.Debug|Any CPU.ActiveCfg = Debug|Any CPU
		{A52E8C50-91BC-4C4A-AA6F-FC66F6546BFF}.Debug|Any CPU.Build.0 = Debug|Any CPU
		{A52E8C50-91BC-4C4A-AA6F-FC66F6546BFF}.Debug|x64.ActiveCfg = Debug|Any CPU
		{A52E8C50-91BC-4C4A-AA6F-FC66F6546BFF}.Debug|x64.Build.0 = Debug|Any CPU
		{A52E8C50-91BC-4C4A-AA6F-FC66F6546BFF}.Debug|x86.ActiveCfg = Debug|Any CPU
		{A52E8C50-91BC-4C4A-AA6F-FC66F6546BFF}.Debug|x86.Build.0 = Debug|Any CPU
		{A52E8C50-91BC-4C4A-AA6F-FC66F6546BFF}.Release|Any CPU.ActiveCfg = Release|Any CPU
		{A52E8C50-91BC-4C4A-AA6F-FC66F6546BFF}.Release|Any CPU.Build.0 = Release|Any CPU
		{A52E8C50-91BC-4C4A-AA6F-FC66F6546BFF}.Release|x64.ActiveCfg = Release|Any CPU
		{A52E8C50-91BC-4C4A-AA6F-FC66F6546BFF}.Release|x64.Build.0 = Release|Any CPU
		{A52E8C50-91BC-4C4A-AA6F-FC66F6546BFF}.Release|x86.ActiveCfg = Release|Any CPU
		{A52E8C50-91BC-4C4A-AA6F-FC66F6546BFF}.Release|x86.Build.0 = Release|Any CPU
		{0DB61D81-9A68-4F08-99C5-87E4D1FBEC5F}.Debug|Any CPU.ActiveCfg = Debug|Any CPU
		{0DB61D81-9A68-4F08-99C5-87E4D1FBEC5F}.Debug|Any CPU.Build.0 = Debug|Any CPU
		{0DB61D81-9A68-4F08-99C5-87E4D1FBEC5F}.Debug|x64.ActiveCfg = Debug|Any CPU
		{0DB61D81-9A68-4F08-99C5-87E4D1FBEC5F}.Debug|x64.Build.0 = Debug|Any CPU
		{0DB61D81-9A68-4F08-99C5-87E4D1FBEC5F}.Debug|x86.ActiveCfg = Debug|Any CPU
		{0DB61D81-9A68-4F08-99C5-87E4D1FBEC5F}.Debug|x86.Build.0 = Debug|Any CPU
		{0DB61D81-9A68-4F08-99C5-87E4D1FBEC5F}.Release|Any CPU.ActiveCfg = Release|Any CPU
		{0DB61D81-9A68-4F08-99C5-87E4D1FBEC5F}.Release|Any CPU.Build.0 = Release|Any CPU
		{0DB61D81-9A68-4F08-99C5-87E4D1FBEC5F}.Release|x64.ActiveCfg = Release|Any CPU
		{0DB61D81-9A68-4F08-99C5-87E4D1FBEC5F}.Release|x64.Build.0 = Release|Any CPU
		{0DB61D81-9A68-4F08-99C5-87E4D1FBEC5F}.Release|x86.ActiveCfg = Release|Any CPU
		{0DB61D81-9A68-4F08-99C5-87E4D1FBEC5F}.Release|x86.Build.0 = Release|Any CPU
		{0A953681-2964-4DDE-9C37-7DCF61BAA3D6}.Debug|Any CPU.ActiveCfg = Debug|Any CPU
		{0A953681-2964-4DDE-9C37-7DCF61BAA3D6}.Debug|Any CPU.Build.0 = Debug|Any CPU
		{0A953681-2964-4DDE-9C37-7DCF61BAA3D6}.Debug|x64.ActiveCfg = Debug|Any CPU
		{0A953681-2964-4DDE-9C37-7DCF61BAA3D6}.Debug|x64.Build.0 = Debug|Any CPU
		{0A953681-2964-4DDE-9C37-7DCF61BAA3D6}.Debug|x86.ActiveCfg = Debug|Any CPU
		{0A953681-2964-4DDE-9C37-7DCF61BAA3D6}.Debug|x86.Build.0 = Debug|Any CPU
		{0A953681-2964-4DDE-9C37-7DCF61BAA3D6}.Release|Any CPU.ActiveCfg = Release|Any CPU
		{0A953681-2964-4DDE-9C37-7DCF61BAA3D6}.Release|Any CPU.Build.0 = Release|Any CPU
		{0A953681-2964-4DDE-9C37-7DCF61BAA3D6}.Release|x64.ActiveCfg = Release|Any CPU
		{0A953681-2964-4DDE-9C37-7DCF61BAA3D6}.Release|x64.Build.0 = Release|Any CPU
		{0A953681-2964-4DDE-9C37-7DCF61BAA3D6}.Release|x86.ActiveCfg = Release|Any CPU
		{0A953681-2964-4DDE-9C37-7DCF61BAA3D6}.Release|x86.Build.0 = Release|Any CPU
		{4B4C7686-EB56-4D9E-AFF5-3BF3E4D721A6}.Debug|Any CPU.ActiveCfg = Debug|Any CPU
		{4B4C7686-EB56-4D9E-AFF5-3BF3E4D721A6}.Debug|Any CPU.Build.0 = Debug|Any CPU
		{4B4C7686-EB56-4D9E-AFF5-3BF3E4D721A6}.Debug|x64.ActiveCfg = Debug|Any CPU
		{4B4C7686-EB56-4D9E-AFF5-3BF3E4D721A6}.Debug|x64.Build.0 = Debug|Any CPU
		{4B4C7686-EB56-4D9E-AFF5-3BF3E4D721A6}.Debug|x86.ActiveCfg = Debug|Any CPU
		{4B4C7686-EB56-4D9E-AFF5-3BF3E4D721A6}.Debug|x86.Build.0 = Debug|Any CPU
		{4B4C7686-EB56-4D9E-AFF5-3BF3E4D721A6}.Release|Any CPU.ActiveCfg = Release|Any CPU
		{4B4C7686-EB56-4D9E-AFF5-3BF3E4D721A6}.Release|Any CPU.Build.0 = Release|Any CPU
		{4B4C7686-EB56-4D9E-AFF5-3BF3E4D721A6}.Release|x64.ActiveCfg = Release|Any CPU
		{4B4C7686-EB56-4D9E-AFF5-3BF3E4D721A6}.Release|x64.Build.0 = Release|Any CPU
		{4B4C7686-EB56-4D9E-AFF5-3BF3E4D721A6}.Release|x86.ActiveCfg = Release|Any CPU
		{4B4C7686-EB56-4D9E-AFF5-3BF3E4D721A6}.Release|x86.Build.0 = Release|Any CPU
		{EA5C7008-2183-4097-9F2F-FA557D57095E}.Debug|Any CPU.ActiveCfg = Debug|Any CPU
		{EA5C7008-2183-4097-9F2F-FA557D57095E}.Debug|Any CPU.Build.0 = Debug|Any CPU
		{EA5C7008-2183-4097-9F2F-FA557D57095E}.Debug|x64.ActiveCfg = Debug|Any CPU
		{EA5C7008-2183-4097-9F2F-FA557D57095E}.Debug|x64.Build.0 = Debug|Any CPU
		{EA5C7008-2183-4097-9F2F-FA557D57095E}.Debug|x86.ActiveCfg = Debug|Any CPU
		{EA5C7008-2183-4097-9F2F-FA557D57095E}.Debug|x86.Build.0 = Debug|Any CPU
		{EA5C7008-2183-4097-9F2F-FA557D57095E}.Release|Any CPU.ActiveCfg = Release|Any CPU
		{EA5C7008-2183-4097-9F2F-FA557D57095E}.Release|Any CPU.Build.0 = Release|Any CPU
		{EA5C7008-2183-4097-9F2F-FA557D57095E}.Release|x64.ActiveCfg = Release|Any CPU
		{EA5C7008-2183-4097-9F2F-FA557D57095E}.Release|x64.Build.0 = Release|Any CPU
		{EA5C7008-2183-4097-9F2F-FA557D57095E}.Release|x86.ActiveCfg = Release|Any CPU
		{EA5C7008-2183-4097-9F2F-FA557D57095E}.Release|x86.Build.0 = Release|Any CPU
	EndGlobalSection
	GlobalSection(SolutionProperties) = preSolution
		HideSolutionNode = FALSE
	EndGlobalSection
	GlobalSection(NestedProjects) = preSolution
		{06524B2A-E321-4BD5-83A7-ED6564F94690} = {827E0CD3-B72D-47B6-A68D-7590B98EB39B}
		{A52E8C50-91BC-4C4A-AA6F-FC66F6546BFF} = {827E0CD3-B72D-47B6-A68D-7590B98EB39B}
		{0DB61D81-9A68-4F08-99C5-87E4D1FBEC5F} = {827E0CD3-B72D-47B6-A68D-7590B98EB39B}
		{0A953681-2964-4DDE-9C37-7DCF61BAA3D6} = {827E0CD3-B72D-47B6-A68D-7590B98EB39B}
		{4B4C7686-EB56-4D9E-AFF5-3BF3E4D721A6} = {827E0CD3-B72D-47B6-A68D-7590B98EB39B}
		{EA5C7008-2183-4097-9F2F-FA557D57095E} = {0AB3BF05-4346-4AA6-1389-037BE0695223}
	EndGlobalSection
EndGlobal
